
Microsoft Visual Studio Solution File, Format Version 12.00
# Visual Studio Version 17
VisualStudioVersion = 17.7.34221.43
MinimumVisualStudioVersion = 10.0.40219.1
Project("{9A19103F-16F7-4668-BE54-9A1E7A4F7556}") = "lambda-cadastro-cliente", "lambda-cadastro-cliente.csproj", "{3CCFFC5E-CF30-49E2-82DE-B808D8CB2424}"
EndProject
Project("{FAE04EC0-301F-11D3-BF4B-00C04F79EFBC}") = "lambda-cadastro-cliente-models", "..\lambda-cadastro-cliente-models\lambda-cadastro-cliente-models.csproj", "{41F2D142-A38E-48D2-9B72-A8BF4887F2AE}"
EndProject
Global
	GlobalSection(SolutionConfigurationPlatforms) = preSolution
		Debug|Any CPU = Debug|Any CPU
		Release|Any CPU = Release|Any CPU
	EndGlobalSection
	GlobalSection(ProjectConfigurationPlatforms) = postSolution
		{3CCFFC5E-CF30-49E2-82DE-B808D8CB2424}.Debug|Any CPU.ActiveCfg = Debug|Any CPU
		{3CCFFC5E-CF30-49E2-82DE-B808D8CB2424}.Debug|Any CPU.Build.0 = Debug|Any CPU
		{3CCFFC5E-CF30-49E2-82DE-B808D8CB2424}.Release|Any CPU.ActiveCfg = Release|Any CPU
		{3CCFFC5E-CF30-49E2-82DE-B808D8CB2424}.Release|Any CPU.Build.0 = Release|Any CPU
		{41F2D142-A38E-48D2-9B72-A8BF4887F2AE}.Debug|Any CPU.ActiveCfg = Debug|Any CPU
		{41F2D142-A38E-48D2-9B72-A8BF4887F2AE}.Debug|Any CPU.Build.0 = Debug|Any CPU
		{41F2D142-A38E-48D2-9B72-A8BF4887F2AE}.Release|Any CPU.ActiveCfg = Release|Any CPU
		{41F2D142-A38E-48D2-9B72-A8BF4887F2AE}.Release|Any CPU.Build.0 = Release|Any CPU
	EndGlobalSection
	GlobalSection(SolutionProperties) = preSolution
		HideSolutionNode = FALSE
	EndGlobalSection
	GlobalSection(ExtensibilityGlobals) = postSolution
		SolutionGuid = {AE4A9F31-C1AC-4FAA-82FD-E713BDFE9357}
	EndGlobalSection
EndGlobal
